
Microsoft Visual Studio Solution File, Format Version 12.00
# Visual Studio Version 16
VisualStudioVersion = 16.0.29609.76
MinimumVisualStudioVersion = 10.0.40219.1
Project("{9A19103F-16F7-4668-BE54-9A1E7A4F7556}") = "Motus", "Motus.csproj", "{AD17DD29-0BC6-4341-A385-961E40C87FFE}"
EndProject
Global
	GlobalSection(SolutionConfigurationPlatforms) = preSolution
		Debug|Any CPU = Debug|Any CPU
		Release|Any CPU = Release|Any CPU
	EndGlobalSection
	GlobalSection(ProjectConfigurationPlatforms) = postSolution
		{AD17DD29-0BC6-4341-A385-961E40C87FFE}.Debug|Any CPU.ActiveCfg = Debug|Any CPU
		{AD17DD29-0BC6-4341-A385-961E40C87FFE}.Debug|Any CPU.Build.0 = Debug|Any CPU
		{AD17DD29-0BC6-4341-A385-961E40C87FFE}.Release|Any CPU.ActiveCfg = Release|Any CPU
		{AD17DD29-0BC6-4341-A385-961E40C87FFE}.Release|Any CPU.Build.0 = Release|Any CPU
	EndGlobalSection
	GlobalSection(SolutionProperties) = preSolution
		HideSolutionNode = FALSE
	EndGlobalSection
	GlobalSection(ExtensibilityGlobals) = postSolution
		SolutionGuid = {55B26919-CCD3-41B1-B993-F502A755C288}
	EndGlobalSection
EndGlobal
